
Microsoft Visual Studio Solution File, Format Version 12.00
# Visual Studio Version 17
VisualStudioVersion = 17.5.33516.290
MinimumVisualStudioVersion = 10.0.40219.1
Project("{8BC9CEB8-8B4A-11D0-8D11-00A0C91BC942}") = "NtCreateUserProcess-Native", "NtCreateUserProcess-Native\NtCreateUserProcess-Native.vcxproj", "{AF7CAC28-3678-43B9-AC92-490C73E1E845}"
EndProject
Global
	GlobalSection(SolutionConfigurationPlatforms) = preSolution
		Debug|x64 = Debug|x64
		Debug|x86 = Debug|x86
		Release|x64 = Release|x64
		Release|x86 = Release|x86
	EndGlobalSection
	GlobalSection(ProjectConfigurationPlatforms) = postSolution
		{AF7CAC28-3678-43B9-AC92-490C73E1E845}.Debug|x64.ActiveCfg = Debug|x64
		{AF7CAC28-3678-43B9-AC92-490C73E1E845}.Debug|x64.Build.0 = Debug|x64
		{AF7CAC28-3678-43B9-AC92-490C73E1E845}.Debug|x86.ActiveCfg = Debug|Win32
		{AF7CAC28-3678-43B9-AC92-490C73E1E845}.Debug|x86.Build.0 = Debug|Win32
		{AF7CAC28-3678-43B9-AC92-490C73E1E845}.Release|x64.ActiveCfg = Release|x64
		{AF7CAC28-3678-43B9-AC92-490C73E1E845}.Release|x64.Build.0 = Release|x64
		{AF7CAC28-3678-43B9-AC92-490C73E1E845}.Release|x86.ActiveCfg = Release|Win32
		{AF7CAC28-3678-43B9-AC92-490C73E1E845}.Release|x86.Build.0 = Release|Win32
	EndGlobalSection
	GlobalSection(SolutionProperties) = preSolution
		HideSolutionNode = FALSE
	EndGlobalSection
	GlobalSection(ExtensibilityGlobals) = postSolution
		SolutionGuid = {2D352AB4-4D20-47B4-AC0E-0F4D151291AD}
	EndGlobalSection
EndGlobal
